
Microsoft Visual Studio Solution File, Format Version 12.00
# Visual Studio 15
VisualStudioVersion = 15.0.27703.2047
MinimumVisualStudioVersion = 10.0.40219.1
Project("{FAE04EC0-301F-11D3-BF4B-00C04F79EFBC}") = "CommandLineParser", "CommandLineParser\CommandLineParser.csproj", "{AEBD0C13-EFB6-4787-BB2E-8A796C0F91A5}"
EndProject
Project("{FAE04EC0-301F-11D3-BF4B-00C04F79EFBC}") = "CommandLineParserTests", "CommandLineParserTests\CommandLineParserTests.csproj", "{F93A2718-CCC5-4878-B1C9-66B4C5073D98}"
EndProject
Global
	GlobalSection(SolutionConfigurationPlatforms) = preSolution
		Debug|Any CPU = Debug|Any CPU
		Release|Any CPU = Release|Any CPU
	EndGlobalSection
	GlobalSection(ProjectConfigurationPlatforms) = postSolution
		{AEBD0C13-EFB6-4787-BB2E-8A796C0F91A5}.Debug|Any CPU.ActiveCfg = Debug|Any CPU
		{AEBD0C13-EFB6-4787-BB2E-8A796C0F91A5}.Debug|Any CPU.Build.0 = Debug|Any CPU
		{AEBD0C13-EFB6-4787-BB2E-8A796C0F91A5}.Release|Any CPU.ActiveCfg = Release|Any CPU
		{AEBD0C13-EFB6-4787-BB2E-8A796C0F91A5}.Release|Any CPU.Build.0 = Release|Any CPU
		{F93A2718-CCC5-4878-B1C9-66B4C5073D98}.Debug|Any CPU.ActiveCfg = Debug|Any CPU
		{F93A2718-CCC5-4878-B1C9-66B4C5073D98}.Debug|Any CPU.Build.0 = Debug|Any CPU
		{F93A2718-CCC5-4878-B1C9-66B4C5073D98}.Release|Any CPU.ActiveCfg = Release|Any CPU
		{F93A2718-CCC5-4878-B1C9-66B4C5073D98}.Release|Any CPU.Build.0 = Release|Any CPU
	EndGlobalSection
	GlobalSection(SolutionProperties) = preSolution
		HideSolutionNode = FALSE
	EndGlobalSection
	GlobalSection(ExtensibilityGlobals) = postSolution
		SolutionGuid = {121FC268-921F-4BA1-B3FC-EDE6BFDD94B3}
	EndGlobalSection
EndGlobal
